
Microsoft Visual Studio Solution File, Format Version 12.00
# Visual Studio Version 17
VisualStudioVersion = 17.6.33723.286
MinimumVisualStudioVersion = 10.0.40219.1
Project("{9A19103F-16F7-4668-BE54-9A1E7A4F7556}") = "AppSightNet.Text", "AppSightNet.Text\AppSightNet.Text.csproj", "{7B8DC6BF-3931-4102-B323-36C4DCBF89C1}"
EndProject
Project("{9A19103F-16F7-4668-BE54-9A1E7A4F7556}") = "AppSightNet.Functions.Azure", "AppSightNet.Functions.Azure\AppSightNet.Functions.Azure.csproj", "{651073D3-4D0D-45B3-A604-9CF162CB0A4C}"
EndProject
Project("{9A19103F-16F7-4668-BE54-9A1E7A4F7556}") = "AppSightNet.Net.Twitter", "AppSightNet.Net.Twitter\AppSightNet.Net.Twitter.csproj", "{28DF70FC-D87F-4A40-9F53-A874A0005A72}"
EndProject
Project("{FAE04EC0-301F-11D3-BF4B-00C04F79EFBC}") = "AppSightNet.DataAccess.Azure.Cosmos", "AppSightNet.DataAccess.Azure.Cosmos\AppSightNet.DataAccess.Azure.Cosmos.csproj", "{B058EBFA-EDB0-48DB-AD72-3195066112FB}"
EndProject
Global
	GlobalSection(SolutionConfigurationPlatforms) = preSolution
		Debug|Any CPU = Debug|Any CPU
		Release|Any CPU = Release|Any CPU
	EndGlobalSection
	GlobalSection(ProjectConfigurationPlatforms) = postSolution
		{7B8DC6BF-3931-4102-B323-36C4DCBF89C1}.Debug|Any CPU.ActiveCfg = Debug|Any CPU
		{7B8DC6BF-3931-4102-B323-36C4DCBF89C1}.Debug|Any CPU.Build.0 = Debug|Any CPU
		{7B8DC6BF-3931-4102-B323-36C4DCBF89C1}.Release|Any CPU.ActiveCfg = Release|Any CPU
		{7B8DC6BF-3931-4102-B323-36C4DCBF89C1}.Release|Any CPU.Build.0 = Release|Any CPU
		{651073D3-4D0D-45B3-A604-9CF162CB0A4C}.Debug|Any CPU.ActiveCfg = Debug|Any CPU
		{651073D3-4D0D-45B3-A604-9CF162CB0A4C}.Debug|Any CPU.Build.0 = Debug|Any CPU
		{651073D3-4D0D-45B3-A604-9CF162CB0A4C}.Release|Any CPU.ActiveCfg = Release|Any CPU
		{651073D3-4D0D-45B3-A604-9CF162CB0A4C}.Release|Any CPU.Build.0 = Release|Any CPU
		{28DF70FC-D87F-4A40-9F53-A874A0005A72}.Debug|Any CPU.ActiveCfg = Debug|Any CPU
		{28DF70FC-D87F-4A40-9F53-A874A0005A72}.Debug|Any CPU.Build.0 = Debug|Any CPU
		{28DF70FC-D87F-4A40-9F53-A874A0005A72}.Release|Any CPU.ActiveCfg = Release|Any CPU
		{28DF70FC-D87F-4A40-9F53-A874A0005A72}.Release|Any CPU.Build.0 = Release|Any CPU
		{B058EBFA-EDB0-48DB-AD72-3195066112FB}.Debug|Any CPU.ActiveCfg = Debug|Any CPU
		{B058EBFA-EDB0-48DB-AD72-3195066112FB}.Debug|Any CPU.Build.0 = Debug|Any CPU
		{B058EBFA-EDB0-48DB-AD72-3195066112FB}.Release|Any CPU.ActiveCfg = Release|Any CPU
		{B058EBFA-EDB0-48DB-AD72-3195066112FB}.Release|Any CPU.Build.0 = Release|Any CPU
	EndGlobalSection
	GlobalSection(SolutionProperties) = preSolution
		HideSolutionNode = FALSE
	EndGlobalSection
	GlobalSection(ExtensibilityGlobals) = postSolution
		SolutionGuid = {8DC18DE2-15C0-425F-8C2F-FD915B3C1E62}
	EndGlobalSection
EndGlobal
